
Microsoft Visual Studio Solution File, Format Version 12.00
# Visual Studio 14
VisualStudioVersion = 14.0.23107.0
MinimumVisualStudioVersion = 10.0.40219.1
Project("{FAE04EC0-301F-11D3-BF4B-00C04F79EFBC}") = "MoviesInfo.Web", "MoviesInformation\MoviesInfo.Web.csproj", "{13ACDAC6-2F27-4A4D-911F-1F49D34ECC6E}"
EndProject
Project("{FAE04EC0-301F-11D3-BF4B-00C04F79EFBC}") = "MoviesInfo.Models", "MoviesInfo.Models\MoviesInfo.Models.csproj", "{D5F22F0D-3729-4B57-8175-E9CBC7B34E44}"
EndProject
Project("{FAE04EC0-301F-11D3-BF4B-00C04F79EFBC}") = "MoviesInfo.Data", "MoviesInfo.Data\MoviesInfo.Data.csproj", "{11A3ABAD-187F-4C55-AECD-229D968CAEBD}"
EndProject
Global
	GlobalSection(SolutionConfigurationPlatforms) = preSolution
		Debug|Any CPU = Debug|Any CPU
		Release|Any CPU = Release|Any CPU
	EndGlobalSection
	GlobalSection(ProjectConfigurationPlatforms) = postSolution
		{13ACDAC6-2F27-4A4D-911F-1F49D34ECC6E}.Debug|Any CPU.ActiveCfg = Debug|Any CPU
		{13ACDAC6-2F27-4A4D-911F-1F49D34ECC6E}.Debug|Any CPU.Build.0 = Debug|Any CPU
		{13ACDAC6-2F27-4A4D-911F-1F49D34ECC6E}.Release|Any CPU.ActiveCfg = Release|Any CPU
		{13ACDAC6-2F27-4A4D-911F-1F49D34ECC6E}.Release|Any CPU.Build.0 = Release|Any CPU
		{D5F22F0D-3729-4B57-8175-E9CBC7B34E44}.Debug|Any CPU.ActiveCfg = Debug|Any CPU
		{D5F22F0D-3729-4B57-8175-E9CBC7B34E44}.Debug|Any CPU.Build.0 = Debug|Any CPU
		{D5F22F0D-3729-4B57-8175-E9CBC7B34E44}.Release|Any CPU.ActiveCfg = Release|Any CPU
		{D5F22F0D-3729-4B57-8175-E9CBC7B34E44}.Release|Any CPU.Build.0 = Release|Any CPU
		{11A3ABAD-187F-4C55-AECD-229D968CAEBD}.Debug|Any CPU.ActiveCfg = Debug|Any CPU
		{11A3ABAD-187F-4C55-AECD-229D968CAEBD}.Debug|Any CPU.Build.0 = Debug|Any CPU
		{11A3ABAD-187F-4C55-AECD-229D968CAEBD}.Release|Any CPU.ActiveCfg = Release|Any CPU
		{11A3ABAD-187F-4C55-AECD-229D968CAEBD}.Release|Any CPU.Build.0 = Release|Any CPU
	EndGlobalSection
	GlobalSection(SolutionProperties) = preSolution
		HideSolutionNode = FALSE
	EndGlobalSection
EndGlobal
